
Microsoft Visual Studio Solution File, Format Version 12.00
# Visual Studio Version 17
VisualStudioVersion = 17.13.35919.96 d17.13
MinimumVisualStudioVersion = 10.0.40219.1
Project("{8BC9CEB8-8B4A-11D0-8D11-00A0C91BC942}") = "Project10", "Project10\Project10.vcxproj", "{2B64E129-4FEA-48B5-806B-92DD578ED177}"
EndProject
Global
	GlobalSection(SolutionConfigurationPlatforms) = preSolution
		Debug|x64 = Debug|x64
		Debug|x86 = Debug|x86
		Release|x64 = Release|x64
		Release|x86 = Release|x86
	EndGlobalSection
	GlobalSection(ProjectConfigurationPlatforms) = postSolution
		{2B64E129-4FEA-48B5-806B-92DD578ED177}.Debug|x64.ActiveCfg = Debug|x64
		{2B64E129-4FEA-48B5-806B-92DD578ED177}.Debug|x64.Build.0 = Debug|x64
		{2B64E129-4FEA-48B5-806B-92DD578ED177}.Debug|x86.ActiveCfg = Debug|Win32
		{2B64E129-4FEA-48B5-806B-92DD578ED177}.Debug|x86.Build.0 = Debug|Win32
		{2B64E129-4FEA-48B5-806B-92DD578ED177}.Release|x64.ActiveCfg = Release|x64
		{2B64E129-4FEA-48B5-806B-92DD578ED177}.Release|x64.Build.0 = Release|x64
		{2B64E129-4FEA-48B5-806B-92DD578ED177}.Release|x86.ActiveCfg = Release|Win32
		{2B64E129-4FEA-48B5-806B-92DD578ED177}.Release|x86.Build.0 = Release|Win32
	EndGlobalSection
	GlobalSection(SolutionProperties) = preSolution
		HideSolutionNode = FALSE
	EndGlobalSection
	GlobalSection(ExtensibilityGlobals) = postSolution
		SolutionGuid = {1504887C-887F-4C52-BC97-C95BAE9D44A3}
	EndGlobalSection
EndGlobal
